{
  "name": "3kencoder",
  "version": "0.0.1",
  "lockfileVersion": 1,
  "requires": true,
  "dependencies": {
    "escape-string-regexp": {
      "version": "1.0.5",
      "resolved": "https://registry.npmjs.org/escape-string-regexp/-/escape-string-regexp-1.0.5.tgz",
      "integrity": "sha1-G2HAViGQqN/2rjuyzwIAyhMLhtQ="
    },
    "is-number": {
      "version": "4.0.0",
      "resolved": "https://registry.npmjs.org/is-number/-/is-number-4.0.0.tgz",
      "integrity": "sha512-rSklcAIlf1OmFdyAqbnWTLVelsQ58uvZ66S/ZyawjWqIviTWCjg2PzVGw8WUA+nNuPTqb4wgA+NszrJ+08LlgQ=="
    },
    "is-odd": {
      "version": "2.0.0",
      "resolved": "https://registry.npmjs.org/is-odd/-/is-odd-2.0.0.tgz",
      "integrity": "sha512-OTiixgpZAT1M4NHgS5IguFp/Vz2VI3U7Goh4/HA1adtwyLtSBrxYlcSYkhpAE07s4fKEcjrFxyvtQBND4vFQyQ==",
      "requires": {
        "is-number": "^4.0.0"
      }
    },
    "regex-occurrence": {
      "version": "1.0.0",
      "resolved": "https://registry.npmjs.org/regex-occurrence/-/regex-occurrence-1.0.0.tgz",
      "integrity": "sha1-me586aDaPwVm4D32iZuATDbtDvo="
    },
    "split-lines": {
      "version": "1.1.0",
      "resolved": "https://registry.npmjs.org/split-lines/-/split-lines-1.1.0.tgz",
      "integrity": "sha1-Oruo9ZhhQUL5240nq2q4dWYqHgk="
    },
    "string-occurrence": {
      "version": "1.2.0",
      "resolved": "https://registry.npmjs.org/string-occurrence/-/string-occurrence-1.2.0.tgz",
      "integrity": "sha1-YFS+js9K9IfSHlIC7SUaaTAwt2A=",
      "requires": {
        "escape-string-regexp": "^1.0.4",
        "regex-occurrence": "^1.0.0"
      }
    },
    "trim-trailing-lines": {
      "version": "1.1.1",
      "resolved": "https://registry.npmjs.org/trim-trailing-lines/-/trim-trailing-lines-1.1.1.tgz",
      "integrity": "sha512-bWLv9BbWbbd7mlqqs2oQYnLD/U/ZqeJeJwbO0FG2zA1aTq+HTvxfHNKFa/HGCVyJpDiioUYaBhfiT6rgk+l4mg=="
    }
  }
}
